
Microsoft Visual Studio Solution File, Format Version 12.00
# Visual Studio Version 17
VisualStudioVersion = 17.14.37411.7 d17.14
MinimumVisualStudioVersion = 10.0.40219.1
Project("{FAE04EC0-301F-11D3-BF4B-00C04F79EFBC}") = "API", "API\API.csproj", "{403D5D7D-2E1C-4ADB-A7D2-E6CB2CF090BF}"
EndProject
Project("{FAE04EC0-301F-11D3-BF4B-00C04F79EFBC}") = "Domain", "Domain\Domain.csproj", "{FB0C7868-0E22-4DC9-892E-5B4D06B78D42}"
EndProject
Project("{FAE04EC0-301F-11D3-BF4B-00C04F79EFBC}") = "Infrastructure", "Infrastructure\Infrastructure.csproj", "{2C9B54C9-7C96-4288-BFBD-03875D0CF04A}"
EndProject
Project("{FAE04EC0-301F-11D3-BF4B-00C04F79EFBC}") = "Tests", "Tests\Tests.csproj", "{D54A9ECF-8C74-4FC7-AC28-137EFB8EFD06}"
EndProject
Global
	GlobalSection(SolutionConfigurationPlatforms) = preSolution
		Debug|Any CPU = Debug|Any CPU
		Release|Any CPU = Release|Any CPU
	EndGlobalSection
	GlobalSection(ProjectConfigurationPlatforms) = postSolution
		{403D5D7D-2E1C-4ADB-A7D2-E6CB2CF090BF}.Debug|Any CPU.ActiveCfg = Debug|Any CPU
		{403D5D7D-2E1C-4ADB-A7D2-E6CB2CF090BF}.Debug|Any CPU.Build.0 = Debug|Any CPU
		{403D5D7D-2E1C-4ADB-A7D2-E6CB2CF090BF}.Release|Any CPU.ActiveCfg = Release|Any CPU
		{403D5D7D-2E1C-4ADB-A7D2-E6CB2CF090BF}.Release|Any CPU.Build.0 = Release|Any CPU
		{FB0C7868-0E22-4DC9-892E-5B4D06B78D42}.Debug|Any CPU.ActiveCfg = Debug|Any CPU
		{FB0C7868-0E22-4DC9-892E-5B4D06B78D42}.Debug|Any CPU.Build.0 = Debug|Any CPU
		{FB0C7868-0E22-4DC9-892E-5B4D06B78D42}.Release|Any CPU.ActiveCfg = Release|Any CPU
		{FB0C7868-0E22-4DC9-892E-5B4D06B78D42}.Release|Any CPU.Build.0 = Release|Any CPU
		{2C9B54C9-7C96-4288-BFBD-03875D0CF04A}.Debug|Any CPU.ActiveCfg = Debug|Any CPU
		{2C9B54C9-7C96-4288-BFBD-03875D0CF04A}.Debug|Any CPU.Build.0 = Debug|Any CPU
		{2C9B54C9-7C96-4288-BFBD-03875D0CF04A}.Release|Any CPU.ActiveCfg = Release|Any CPU
		{2C9B54C9-7C96-4288-BFBD-03875D0CF04A}.Release|Any CPU.Build.0 = Release|Any CPU
		{D54A9ECF-8C74-4FC7-AC28-137EFB8EFD06}.Debug|Any CPU.ActiveCfg = Debug|Any CPU
		{D54A9ECF-8C74-4FC7-AC28-137EFB8EFD06}.Debug|Any CPU.Build.0 = Debug|Any CPU
		{D54A9ECF-8C74-4FC7-AC28-137EFB8EFD06}.Release|Any CPU.ActiveCfg = Release|Any CPU
		{D54A9ECF-8C74-4FC7-AC28-137EFB8EFD06}.Release|Any CPU.Build.0 = Release|Any CPU
	EndGlobalSection
	GlobalSection(SolutionProperties) = preSolution
		HideSolutionNode = FALSE
	EndGlobalSection
	GlobalSection(ExtensibilityGlobals) = postSolution
		SolutionGuid = {373B483A-EC18-4BC0-818D-13B842ECD089}
	EndGlobalSection
EndGlobal
